// !$*UTF8*$!
{
	archiveVersion = 1;
	classes = {
	};
	objectVersion = 55;
	objects = {

/* Begin PBXBuildFile section */
		5939B68428CE9F7600F333E3 /* GoogleService-Info.plist in Resources */ = {isa = PBXBuildFile; fileRef = 5939B68328CE9F7600F333E3 /* GoogleService-Info.plist */; };
		5939B68628CEA99B00F333E3 /* ImagePicker.swift in Sources */ = {isa = PBXBuildFile; fileRef = 5939B68528CEA99B00F333E3 /* ImagePicker.swift */; };
		5939B68928CEB69800F333E3 /* FirebaseAuth in Frameworks */ = {isa = PBXBuildFile; productRef = 5939B68828CEB69800F333E3 /* FirebaseAuth */; };
		5939B68B28CEB69800F333E3 /* FirebaseFirestore in Frameworks */ = {isa = PBXBuildFile; productRef = 5939B68A28CEB69800F333E3 /* FirebaseFirestore */; };
		5939B68D28CEB69800F333E3 /* FirebaseStorage in Frameworks */ = {isa = PBXBuildFile; productRef = 5939B68C28CEB69800F333E3 /* FirebaseStorage */; };
		5949442728CDCEEA00818800 /* NearByApp.swift in Sources */ = {isa = PBXBuildFile; fileRef = 5949442628CDCEEA00818800 /* NearByApp.swift */; };
		5949442928CDCEEA00818800 /* LoginView.swift in Sources */ = {isa = PBXBuildFile; fileRef = 5949442828CDCEEA00818800 /* LoginView.swift */; };
		5949442B28CDCEEB00818800 /* Assets.xcassets in Resources */ = {isa = PBXBuildFile; fileRef = 5949442A28CDCEEB00818800 /* Assets.xcassets */; };
		5949442E28CDCEEB00818800 /* Preview Assets.xcassets in Resources */ = {isa = PBXBuildFile; fileRef = 5949442D28CDCEEB00818800 /* Preview Assets.xcassets */; };
		5949443B28CDD44E00818800 /* LocationManager.swift in Sources */ = {isa = PBXBuildFile; fileRef = 5949443A28CDD44E00818800 /* LocationManager.swift */; };
		5949443F28CE832D00818800 /* WelcomeView.swift in Sources */ = {isa = PBXBuildFile; fileRef = 5949443E28CE832D00818800 /* WelcomeView.swift */; };
		59B85E7028CEBEF700806675 /* FirebaseManager.swift in Sources */ = {isa = PBXBuildFile; fileRef = 59B85E6F28CEBEF700806675 /* FirebaseManager.swift */; };
		59B85E7328CEC4E900806675 /* SDWebImageSwiftUI in Frameworks */ = {isa = PBXBuildFile; productRef = 59B85E7228CEC4E900806675 /* SDWebImageSwiftUI */; };
		59B85E7728CED3AE00806675 /* UserInfo.swift in Sources */ = {isa = PBXBuildFile; fileRef = 59B85E7628CED3AE00806675 /* UserInfo.swift */; };
		59B85E7928CED75A00806675 /* MainMessagesView.swift in Sources */ = {isa = PBXBuildFile; fileRef = 59B85E7828CED75A00806675 /* MainMessagesView.swift */; };
/* End PBXBuildFile section */

/* Begin PBXFileReference section */
		5939B68328CE9F7600F333E3 /* GoogleService-Info.plist */ = {isa = PBXFileReference; fileEncoding = 4; lastKnownFileType = text.plist.xml; path = "GoogleService-Info.plist"; sourceTree = "<group>"; };
		5939B68528CEA99B00F333E3 /* ImagePicker.swift */ = {isa = PBXFileReference; lastKnownFileType = sourcecode.swift; path = ImagePicker.swift; sourceTree = "<group>"; };
		5949442328CDCEEA00818800 /* NearBy.app */ = {isa = PBXFileReference; explicitFileType = wrapper.application; includeInIndex = 0; path = NearBy.app; sourceTree = BUILT_PRODUCTS_DIR; };
		5949442628CDCEEA00818800 /* NearByApp.swift */ = {isa = PBXFileReference; lastKnownFileType = sourcecode.swift; path = NearByApp.swift; sourceTree = "<group>"; };
		5949442828CDCEEA00818800 /* LoginView.swift */ = {isa = PBXFileReference; lastKnownFileType = sourcecode.swift; path = LoginView.swift; sourceTree = "<group>"; };
		5949442A28CDCEEB00818800 /* Assets.xcassets */ = {isa = PBXFileReference; lastKnownFileType = folder.assetcatalog; path = Assets.xcassets; sourceTree = "<group>"; };
		5949442D28CDCEEB00818800 /* Preview Assets.xcassets */ = {isa = PBXFileReference; lastKnownFileType = folder.assetcatalog; path = "Preview Assets.xcassets"; sourceTree = "<group>"; };
		5949443A28CDD44E00818800 /* LocationManager.swift */ = {isa = PBXFileReference; lastKnownFileType = sourcecode.swift; path = LocationManager.swift; sourceTree = "<group>"; };
		5949443E28CE832D00818800 /* WelcomeView.swift */ = {isa = PBXFileReference; lastKnownFileType = sourcecode.swift; path = WelcomeView.swift; sourceTree = "<group>"; };
		59B85E6F28CEBEF700806675 /* FirebaseManager.swift */ = {isa = PBXFileReference; lastKnownFileType = sourcecode.swift; path = FirebaseManager.swift; sourceTree = "<group>"; };
		59B85E7628CED3AE00806675 /* UserInfo.swift */ = {isa = PBXFileReference; lastKnownFileType = sourcecode.swift; path = UserInfo.swift; sourceTree = "<group>"; };
		59B85E7828CED75A00806675 /* MainMessagesView.swift */ = {isa = PBXFileReference; fileEncoding = 4; lastKnownFileType = sourcecode.swift; path = MainMessagesView.swift; sourceTree = "<group>"; };
/* End PBXFileReference section */

/* Begin PBXFrameworksBuildPhase section */
		5949442028CDCEEA00818800 /* Frameworks */ = {
			isa = PBXFrameworksBuildPhase;
			buildActionMask = 2147483647;
			files = (
				59B85E7328CEC4E900806675 /* SDWebImageSwiftUI in Frameworks */,
				5939B68928CEB69800F333E3 /* FirebaseAuth in Frameworks */,
				5939B68B28CEB69800F333E3 /* FirebaseFirestore in Frameworks */,
				5939B68D28CEB69800F333E3 /* FirebaseStorage in Frameworks */,
			);
			runOnlyForDeploymentPostprocessing = 0;
		};
/* End PBXFrameworksBuildPhase section */

/* Begin PBXGroup section */
		5949441A28CDCEEA00818800 = {
			isa = PBXGroup;
			children = (
				5949442528CDCEEA00818800 /* NearBy */,
				5949442428CDCEEA00818800 /* Products */,
			);
			sourceTree = "<group>";
		};
		5949442428CDCEEA00818800 /* Products */ = {
			isa = PBXGroup;
			children = (
				5949442328CDCEEA00818800 /* NearBy.app */,
			);
			name = Products;
			sourceTree = "<group>";
		};
		5949442528CDCEEA00818800 /* NearBy */ = {
			isa = PBXGroup;
			children = (
				59B85E7E28CEDCD100806675 /* Components */,
				59B85E6E28CEBEDC00806675 /* Utils */,
				5949443428CDCEFE00818800 /* Views */,
				5949443528CDCF0C00818800 /* Managers */,
				5949442628CDCEEA00818800 /* NearByApp.swift */,
				5949442A28CDCEEB00818800 /* Assets.xcassets */,
				5949442C28CDCEEB00818800 /* Preview Content */,
			);
			path = NearBy;
			sourceTree = "<group>";
		};
		5949442C28CDCEEB00818800 /* Preview Content */ = {
			isa = PBXGroup;
			children = (
				5949442D28CDCEEB00818800 /* Preview Assets.xcassets */,
			);
			path = "Preview Content";
			sourceTree = "<group>";
		};
		5949443428CDCEFE00818800 /* Views */ = {
			isa = PBXGroup;
			children = (
				59B85E7828CED75A00806675 /* MainMessagesView.swift */,
				5949442828CDCEEA00818800 /* LoginView.swift */,
				5939B68328CE9F7600F333E3 /* GoogleService-Info.plist */,
				5939B68528CEA99B00F333E3 /* ImagePicker.swift */,
				5949443E28CE832D00818800 /* WelcomeView.swift */,
			);
			path = Views;
			sourceTree = "<group>";
		};
		5949443528CDCF0C00818800 /* Managers */ = {
			isa = PBXGroup;
			children = (
				5949443A28CDD44E00818800 /* LocationManager.swift */,
			);
			path = Managers;
			sourceTree = "<group>";
		};
		59B85E6E28CEBEDC00806675 /* Utils */ = {
			isa = PBXGroup;
			children = (
				59B85E6F28CEBEF700806675 /* FirebaseManager.swift */,
				59B85E7628CED3AE00806675 /* UserInfo.swift */,
			);
			path = Utils;
			sourceTree = "<group>";
		};
		59B85E7E28CEDCD100806675 /* Components */ = {
			isa = PBXGroup;
			children = (
			);
			path = Components;
			sourceTree = "<group>";
		};
/* End PBXGroup section */

/* Begin PBXNativeTarget section */
		5949442228CDCEEA00818800 /* NearBy */ = {
			isa = PBXNativeTarget;
			buildConfigurationList = 5949443128CDCEEB00818800 /* Build configuration list for PBXNativeTarget "NearBy" */;
			buildPhases = (
				5949441F28CDCEEA00818800 /* Sources */,
				5949442028CDCEEA00818800 /* Frameworks */,
				5949442128CDCEEA00818800 /* Resources */,
			);
			buildRules = (
			);
			dependencies = (
			);
			name = NearBy;
			packageProductDependencies = (
				5939B68828CEB69800F333E3 /* FirebaseAuth */,
				5939B68A28CEB69800F333E3 /* FirebaseFirestore */,
				5939B68C28CEB69800F333E3 /* FirebaseStorage */,
				59B85E7228CEC4E900806675 /* SDWebImageSwiftUI */,
			);
			productName = NearBy;
			productReference = 5949442328CDCEEA00818800 /* NearBy.app */;
			productType = "com.apple.product-type.application";
		};
/* End PBXNativeTarget section */

/* Begin PBXProject section */
		5949441B28CDCEEA00818800 /* Project object */ = {
			isa = PBXProject;
			attributes = {
				BuildIndependentTargetsInParallel = 1;
				LastSwiftUpdateCheck = 1340;
				LastUpgradeCheck = 1340;
				TargetAttributes = {
					5949442228CDCEEA00818800 = {
						CreatedOnToolsVersion = 13.4.1;
					};
				};
			};
			buildConfigurationList = 5949441E28CDCEEA00818800 /* Build configuration list for PBXProject "NearBy" */;
			compatibilityVersion = "Xcode 13.0";
			developmentRegion = en;
			hasScannedForEncodings = 0;
			knownRegions = (
				en,
				Base,
			);
			mainGroup = 5949441A28CDCEEA00818800;
			packageReferences = (
				5939B68728CEB69800F333E3 /* XCRemoteSwiftPackageReference "firebase-ios-sdk" */,
				59B85E7128CEC4E900806675 /* XCRemoteSwiftPackageReference "SDWebImageSwiftUI" */,
			);
			productRefGroup = 5949442428CDCEEA00818800 /* Products */;
			projectDirPath = "";
			projectRoot = "";
			targets = (
				5949442228CDCEEA00818800 /* NearBy */,
			);
		};
/* End PBXProject section */

/* Begin PBXResourcesBuildPhase section */
		5949442128CDCEEA00818800 /* Resources */ = {
			isa = PBXResourcesBuildPhase;
			buildActionMask = 2147483647;
			files = (
				5949442E28CDCEEB00818800 /* Preview Assets.xcassets in Resources */,
				5949442B28CDCEEB00818800 /* Assets.xcassets in Resources */,
				5939B68428CE9F7600F333E3 /* GoogleService-Info.plist in Resources */,
			);
			runOnlyForDeploymentPostprocessing = 0;
		};
/* End PBXResourcesBuildPhase section */

/* Begin PBXSourcesBuildPhase section */
		5949441F28CDCEEA00818800 /* Sources */ = {
			isa = PBXSourcesBuildPhase;
			buildActionMask = 2147483647;
			files = (
				5949442928CDCEEA00818800 /* LoginView.swift in Sources */,
				59B85E7028CEBEF700806675 /* FirebaseManager.swift in Sources */,
				5949442728CDCEEA00818800 /* NearByApp.swift in Sources */,
				5939B68628CEA99B00F333E3 /* ImagePicker.swift in Sources */,
				5949443B28CDD44E00818800 /* LocationManager.swift in Sources */,
				59B85E7728CED3AE00806675 /* UserInfo.swift in Sources */,
				5949443F28CE832D00818800 /* WelcomeView.swift in Sources */,
				59B85E7928CED75A00806675 /* MainMessagesView.swift in Sources */,
			);
			runOnlyForDeploymentPostprocessing = 0;
		};
/* End PBXSourcesBuildPhase section */

/* Begin XCBuildConfiguration section */
		5949442F28CDCEEB00818800 /* Debug */ = {
			isa = XCBuildConfiguration;
			buildSettings = {
				ALWAYS_SEARCH_USER_PATHS = NO;
				CLANG_ANALYZER_NONNULL = YES;
				CLANG_ANALYZER_NUMBER_OBJECT_CONVERSION = YES_AGGRESSIVE;
				CLANG_CXX_LANGUAGE_STANDARD = "gnu++17";
				CLANG_ENABLE_MODULES = YES;
				CLANG_ENABLE_OBJC_ARC = YES;
				CLANG_ENABLE_OBJC_WEAK = YES;
				CLANG_WARN_BLOCK_CAPTURE_AUTORELEASING = YES;
				CLANG_WARN_BOOL_CONVERSION = YES;
				CLANG_WARN_COMMA = YES;
				CLANG_WARN_CONSTANT_CONVERSION = YES;
				CLANG_WARN_DEPRECATED_OBJC_IMPLEMENTATIONS = YES;
				CLANG_WARN_DIRECT_OBJC_ISA_USAGE = YES_ERROR;
				CLANG_WARN_DOCUMENTATION_COMMENTS = YES;
				CLANG_WARN_EMPTY_BODY = YES;
				CLANG_WARN_ENUM_CONVERSION = YES;
				CLANG_WARN_INFINITE_RECURSION = YES;
				CLANG_WARN_INT_CONVERSION = YES;
				CLANG_WARN_NON_LITERAL_NULL_CONVERSION = YES;
				CLANG_WARN_OBJC_IMPLICIT_RETAIN_SELF = YES;
				CLANG_WARN_OBJC_LITERAL_CONVERSION = YES;
				CLANG_WARN_OBJC_ROOT_CLASS = YES_ERROR;
				CLANG_WARN_QUOTED_INCLUDE_IN_FRAMEWORK_HEADER = YES;
				CLANG_WARN_RANGE_LOOP_ANALYSIS = YES;
				CLANG_WARN_STRICT_PROTOTYPES = YES;
				CLANG_WARN_SUSPICIOUS_MOVE = YES;
				CLANG_WARN_UNGUARDED_AVAILABILITY = YES_AGGRESSIVE;
				CLANG_WARN_UNREACHABLE_CODE = YES;
				CLANG_WARN__DUPLICATE_METHOD_MATCH = YES;
				COPY_PHASE_STRIP = NO;
				DEBUG_INFORMATION_FORMAT = dwarf;
				ENABLE_STRICT_OBJC_MSGSEND = YES;
				ENABLE_TESTABILITY = YES;
				GCC_C_LANGUAGE_STANDARD = gnu11;
				GCC_DYNAMIC_NO_PIC = NO;
				GCC_NO_COMMON_BLOCKS = YES;
				GCC_OPTIMIZATION_LEVEL = 0;
				GCC_PREPROCESSOR_DEFINITIONS = (
					"DEBUG=1",
					"$(inherited)",
				);
				GCC_WARN_64_TO_32_BIT_CONVERSION = YES;
				GCC_WARN_ABOUT_RETURN_TYPE = YES_ERROR;
				GCC_WARN_UNDECLARED_SELECTOR = YES;
				GCC_WARN_UNINITIALIZED_AUTOS = YES_AGGRESSIVE;
				GCC_WARN_UNUSED_FUNCTION = YES;
				GCC_WARN_UNUSED_VARIABLE = YES;
				IPHONEOS_DEPLOYMENT_TARGET = 15.5;
				MTL_ENABLE_DEBUG_INFO = INCLUDE_SOURCE;
				MTL_FAST_MATH = YES;
				ONLY_ACTIVE_ARCH = YES;
				SDKROOT = iphoneos;
				SWIFT_ACTIVE_COMPILATION_CONDITIONS = DEBUG;
				SWIFT_OPTIMIZATION_LEVEL = "-Onone";
			};
			name = Debug;
		};
		5949443028CDCEEB00818800 /* Release */ = {
			isa = XCBuildConfiguration;
			buildSettings = {
				ALWAYS_SEARCH_USER_PATHS = NO;
				CLANG_ANALYZER_NONNULL = YES;
				CLANG_ANALYZER_NUMBER_OBJECT_CONVERSION = YES_AGGRESSIVE;
				CLANG_CXX_LANGUAGE_STANDARD = "gnu++17";
				CLANG_ENABLE_MODULES = YES;
				CLANG_ENABLE_OBJC_ARC = YES;
				CLANG_ENABLE_OBJC_WEAK = YES;
				CLANG_WARN_BLOCK_CAPTURE_AUTORELEASING = YES;
				CLANG_WARN_BOOL_CONVERSION = YES;
				CLANG_WARN_COMMA = YES;
				CLANG_WARN_CONSTANT_CONVERSION = YES;
				CLANG_WARN_DEPRECATED_OBJC_IMPLEMENTATIONS = YES;
				CLANG_WARN_DIRECT_OBJC_ISA_USAGE = YES_ERROR;
				CLANG_WARN_DOCUMENTATION_COMMENTS = YES;
				CLANG_WARN_EMPTY_BODY = YES;
				CLANG_WARN_ENUM_CONVERSION = YES;
				CLANG_WARN_INFINITE_RECURSION = YES;
				CLANG_WARN_INT_CONVERSION = YES;
				CLANG_WARN_NON_LITERAL_NULL_CONVERSION = YES;
				CLANG_WARN_OBJC_IMPLICIT_RETAIN_SELF = YES;
				CLANG_WARN_OBJC_LITERAL_CONVERSION = YES;
				CLANG_WARN_OBJC_ROOT_CLASS = YES_ERROR;
				CLANG_WARN_QUOTED_INCLUDE_IN_FRAMEWORK_HEADER = YES;
				CLANG_WARN_RANGE_LOOP_ANALYSIS = YES;
				CLANG_WARN_STRICT_PROTOTYPES = YES;
				CLANG_WARN_SUSPICIOUS_MOVE = YES;
				CLANG_WARN_UNGUARDED_AVAILABILITY = YES_AGGRESSIVE;
				CLANG_WARN_UNREACHABLE_CODE = YES;
				CLANG_WARN__DUPLICATE_METHOD_MATCH = YES;
				COPY_PHASE_STRIP = NO;
				DEBUG_INFORMATION_FORMAT = "dwarf-with-dsym";
				ENABLE_NS_ASSERTIONS = NO;
				ENABLE_STRICT_OBJC_MSGSEND = YES;
				GCC_C_LANGUAGE_STANDARD = gnu11;
				GCC_NO_COMMON_BLOCKS = YES;
				GCC_WARN_64_TO_32_BIT_CONVERSION = YES;
				GCC_WARN_ABOUT_RETURN_TYPE = YES_ERROR;
				GCC_WARN_UNDECLARED_SELECTOR = YES;
				GCC_WARN_UNINITIALIZED_AUTOS = YES_AGGRESSIVE;
				GCC_WARN_UNUSED_FUNCTION = YES;
				GCC_WARN_UNUSED_VARIABLE = YES;
				IPHONEOS_DEPLOYMENT_TARGET = 15.5;
				MTL_ENABLE_DEBUG_INFO = NO;
				MTL_FAST_MATH = YES;
				SDKROOT = iphoneos;
				SWIFT_COMPILATION_MODE = wholemodule;
				SWIFT_OPTIMIZATION_LEVEL = "-O";
				VALIDATE_PRODUCT = YES;
			};
			name = Release;
		};
		5949443228CDCEEB00818800 /* Debug */ = {
			isa = XCBuildConfiguration;
			buildSettings = {
				ASSETCATALOG_COMPILER_APPICON_NAME = AppIcon;
				ASSETCATALOG_COMPILER_GLOBAL_ACCENT_COLOR_NAME = AccentColor;
				CODE_SIGN_STYLE = Automatic;
				CURRENT_PROJECT_VERSION = 1;
				DEVELOPMENT_ASSET_PATHS = "\"NearBy/Preview Content\"";
				ENABLE_PREVIEWS = YES;
				GENERATE_INFOPLIST_FILE = YES;
				INFOPLIST_KEY_UIApplicationSceneManifest_Generation = YES;
				INFOPLIST_KEY_UIApplicationSupportsIndirectInputEvents = YES;
				INFOPLIST_KEY_UILaunchScreen_Generation = YES;
				INFOPLIST_KEY_UISupportedInterfaceOrientations_iPad = "UIInterfaceOrientationPortrait UIInterfaceOrientationPortraitUpsideDown UIInterfaceOrientationLandscapeLeft UIInterfaceOrientationLandscapeRight";
				INFOPLIST_KEY_UISupportedInterfaceOrientations_iPhone = "UIInterfaceOrientationPortrait UIInterfaceOrientationLandscapeLeft UIInterfaceOrientationLandscapeRight";
				LD_RUNPATH_SEARCH_PATHS = (
					"$(inherited)",
					"@executable_path/Frameworks",
				);
				MARKETING_VERSION = 1.0;
				PRODUCT_BUNDLE_IDENTIFIER = Sharaf.NearBy;
				PRODUCT_NAME = "$(TARGET_NAME)";
				SWIFT_EMIT_LOC_STRINGS = YES;
				SWIFT_VERSION = 5.0;
				TARGETED_DEVICE_FAMILY = "1,2";
			};
			name = Debug;
		};
		5949443328CDCEEB00818800 /* Release */ = {
			isa = XCBuildConfiguration;
			buildSettings = {
				ASSETCATALOG_COMPILER_APPICON_NAME = AppIcon;
				ASSETCATALOG_COMPILER_GLOBAL_ACCENT_COLOR_NAME = AccentColor;
				CODE_SIGN_STYLE = Automatic;
				CURRENT_PROJECT_VERSION = 1;
				DEVELOPMENT_ASSET_PATHS = "\"NearBy/Preview Content\"";
				ENABLE_PREVIEWS = YES;
				GENERATE_INFOPLIST_FILE = YES;
				INFOPLIST_KEY_UIApplicationSceneManifest_Generation = YES;
				INFOPLIST_KEY_UIApplicationSupportsIndirectInputEvents = YES;
				INFOPLIST_KEY_UILaunchScreen_Generation = YES;
				INFOPLIST_KEY_UISupportedInterfaceOrientations_iPad = "UIInterfaceOrientationPortrait UIInterfaceOrientationPortraitUpsideDown UIInterfaceOrientationLandscapeLeft UIInterfaceOrientationLandscapeRight";
				INFOPLIST_KEY_UISupportedInterfaceOrientations_iPhone = "UIInterfaceOrientationPortrait UIInterfaceOrientationLandscapeLeft UIInterfaceOrientationLandscapeRight";
				LD_RUNPATH_SEARCH_PATHS = (
					"$(inherited)",
					"@executable_path/Frameworks",
				);
				MARKETING_VERSION = 1.0;
				PRODUCT_BUNDLE_IDENTIFIER = Sharaf.NearBy;
				PRODUCT_NAME = "$(TARGET_NAME)";
				SWIFT_EMIT_LOC_STRINGS = YES;
				SWIFT_VERSION = 5.0;
				TARGETED_DEVICE_FAMILY = "1,2";
			};
			name = Release;
		};
/* End XCBuildConfiguration section */

/* Begin XCConfigurationList section */
		5949441E28CDCEEA00818800 /* Build configuration list for PBXProject "NearBy" */ = {
			isa = XCConfigurationList;
			buildConfigurations = (
				5949442F28CDCEEB00818800 /* Debug */,
				5949443028CDCEEB00818800 /* Release */,
			);
			defaultConfigurationIsVisible = 0;
			defaultConfigurationName = Release;
		};
		5949443128CDCEEB00818800 /* Build configuration list for PBXNativeTarget "NearBy" */ = {
			isa = XCConfigurationList;
			buildConfigurations = (
				5949443228CDCEEB00818800 /* Debug */,
				5949443328CDCEEB00818800 /* Release */,
			);
			defaultConfigurationIsVisible = 0;
			defaultConfigurationName = Release;
		};
/* End XCConfigurationList section */

/* Begin XCRemoteSwiftPackageReference section */
		5939B68728CEB69800F333E3 /* XCRemoteSwiftPackageReference "firebase-ios-sdk" */ = {
			isa = XCRemoteSwiftPackageReference;
			repositoryURL = "https://github.com/firebase/firebase-ios-sdk.git";
			requirement = {
				kind = upToNextMajorVersion;
				minimumVersion = 9.0.0;
			};
		};
		59B85E7128CEC4E900806675 /* XCRemoteSwiftPackageReference "SDWebImageSwiftUI" */ = {
			isa = XCRemoteSwiftPackageReference;
			repositoryURL = "https://github.com/SDWebImage/SDWebImageSwiftUI";
			requirement = {
				kind = upToNextMajorVersion;
				minimumVersion = 2.0.0;
			};
		};
/* End XCRemoteSwiftPackageReference section */

/* Begin XCSwiftPackageProductDependency section */
		5939B68828CEB69800F333E3 /* FirebaseAuth */ = {
			isa = XCSwiftPackageProductDependency;
			package = 5939B68728CEB69800F333E3 /* XCRemoteSwiftPackageReference "firebase-ios-sdk" */;
			productName = FirebaseAuth;
		};
		5939B68A28CEB69800F333E3 /* FirebaseFirestore */ = {
			isa = XCSwiftPackageProductDependency;
			package = 5939B68728CEB69800F333E3 /* XCRemoteSwiftPackageReference "firebase-ios-sdk" */;
			productName = FirebaseFirestore;
		};
		5939B68C28CEB69800F333E3 /* FirebaseStorage */ = {
			isa = XCSwiftPackageProductDependency;
			package = 5939B68728CEB69800F333E3 /* XCRemoteSwiftPackageReference "firebase-ios-sdk" */;
			productName = FirebaseStorage;
		};
		59B85E7228CEC4E900806675 /* SDWebImageSwiftUI */ = {
			isa = XCSwiftPackageProductDependency;
			package = 59B85E7128CEC4E900806675 /* XCRemoteSwiftPackageReference "SDWebImageSwiftUI" */;
			productName = SDWebImageSwiftUI;
		};
/* End XCSwiftPackageProductDependency section */
	};
	rootObject = 5949441B28CDCEEA00818800 /* Project object */;
}
